
Microsoft Visual Studio Solution File, Format Version 12.00
# Visual Studio Version 16
VisualStudioVersion = 16.0.31424.327
MinimumVisualStudioVersion = 10.0.40219.1
Project("{F2A71F9B-5D33-465A-A702-920D77279786}") = "FSharpWebApi", "FSharpWebApi\FSharpWebApi.fsproj", "{1AE7DE30-268C-4159-BFA8-98B7A84D691D}"
EndProject
Global
	GlobalSection(SolutionConfigurationPlatforms) = preSolution
		Debug|Any CPU = Debug|Any CPU
		Release|Any CPU = Release|Any CPU
	EndGlobalSection
	GlobalSection(ProjectConfigurationPlatforms) = postSolution
		{1AE7DE30-268C-4159-BFA8-98B7A84D691D}.Debug|Any CPU.ActiveCfg = Debug|Any CPU
		{1AE7DE30-268C-4159-BFA8-98B7A84D691D}.Debug|Any CPU.Build.0 = Debug|Any CPU
		{1AE7DE30-268C-4159-BFA8-98B7A84D691D}.Release|Any CPU.ActiveCfg = Release|Any CPU
		{1AE7DE30-268C-4159-BFA8-98B7A84D691D}.Release|Any CPU.Build.0 = Release|Any CPU
	EndGlobalSection
	GlobalSection(SolutionProperties) = preSolution
		HideSolutionNode = FALSE
	EndGlobalSection
	GlobalSection(ExtensibilityGlobals) = postSolution
		SolutionGuid = {72A150CC-E018-4F0A-92B6-F895AB8831A6}
	EndGlobalSection
EndGlobal
